
Microsoft Visual Studio Solution File, Format Version 12.00
# Visual Studio Version 17
VisualStudioVersion = 17.8.34408.163
MinimumVisualStudioVersion = 10.0.40219.1
Project("{9A19103F-16F7-4668-BE54-9A1E7A4F7556}") = "BOI.Web", "BOI.Web\BOI.Web.csproj", "{0FDBC732-EE97-44E0-9407-D8B1A30A5313}"
EndProject
Project("{9A19103F-16F7-4668-BE54-9A1E7A4F7556}") = "BOI.Core", "BOI.Core\BOI.Core.csproj", "{7B9646F4-134F-4214-9AAF-EEE6BDC7BB35}"
EndProject
Project("{9A19103F-16F7-4668-BE54-9A1E7A4F7556}") = "BOI.Core.Web", "BOI.Core.Web\BOI.Core.Web.csproj", "{2886555F-9440-43AB-A817-EE4673D5FC22}"
EndProject
Project("{9A19103F-16F7-4668-BE54-9A1E7A4F7556}") = "BOI.Core.Search", "BOI.Core.Search\BOI.Core.Search.csproj", "{12D9FA58-90E4-4E7F-A007-504661B6D27E}"
EndProject
Project("{9A19103F-16F7-4668-BE54-9A1E7A4F7556}") = "BOI.Umbraco.Models", "BOI.Umbraco.Models\BOI.Umbraco.Models.csproj", "{13716364-081B-4781-A123-28A84ED93861}"
EndProject
Global
	GlobalSection(SolutionConfigurationPlatforms) = preSolution
		Debug|Any CPU = Debug|Any CPU
		Release|Any CPU = Release|Any CPU
	EndGlobalSection
	GlobalSection(ProjectConfigurationPlatforms) = postSolution
		{0FDBC732-EE97-44E0-9407-D8B1A30A5313}.Debug|Any CPU.ActiveCfg = Debug|Any CPU
		{0FDBC732-EE97-44E0-9407-D8B1A30A5313}.Debug|Any CPU.Build.0 = Debug|Any CPU
		{0FDBC732-EE97-44E0-9407-D8B1A30A5313}.Release|Any CPU.ActiveCfg = Release|Any CPU
		{0FDBC732-EE97-44E0-9407-D8B1A30A5313}.Release|Any CPU.Build.0 = Release|Any CPU
		{7B9646F4-134F-4214-9AAF-EEE6BDC7BB35}.Debug|Any CPU.ActiveCfg = Debug|Any CPU
		{7B9646F4-134F-4214-9AAF-EEE6BDC7BB35}.Debug|Any CPU.Build.0 = Debug|Any CPU
		{7B9646F4-134F-4214-9AAF-EEE6BDC7BB35}.Release|Any CPU.ActiveCfg = Release|Any CPU
		{7B9646F4-134F-4214-9AAF-EEE6BDC7BB35}.Release|Any CPU.Build.0 = Release|Any CPU
		{2886555F-9440-43AB-A817-EE4673D5FC22}.Debug|Any CPU.ActiveCfg = Debug|Any CPU
		{2886555F-9440-43AB-A817-EE4673D5FC22}.Debug|Any CPU.Build.0 = Debug|Any CPU
		{2886555F-9440-43AB-A817-EE4673D5FC22}.Release|Any CPU.ActiveCfg = Release|Any CPU
		{2886555F-9440-43AB-A817-EE4673D5FC22}.Release|Any CPU.Build.0 = Release|Any CPU
		{12D9FA58-90E4-4E7F-A007-504661B6D27E}.Debug|Any CPU.ActiveCfg = Debug|Any CPU
		{12D9FA58-90E4-4E7F-A007-504661B6D27E}.Debug|Any CPU.Build.0 = Debug|Any CPU
		{12D9FA58-90E4-4E7F-A007-504661B6D27E}.Release|Any CPU.ActiveCfg = Release|Any CPU
		{12D9FA58-90E4-4E7F-A007-504661B6D27E}.Release|Any CPU.Build.0 = Release|Any CPU
		{13716364-081B-4781-A123-28A84ED93861}.Debug|Any CPU.ActiveCfg = Debug|Any CPU
		{13716364-081B-4781-A123-28A84ED93861}.Debug|Any CPU.Build.0 = Debug|Any CPU
		{13716364-081B-4781-A123-28A84ED93861}.Release|Any CPU.ActiveCfg = Release|Any CPU
		{13716364-081B-4781-A123-28A84ED93861}.Release|Any CPU.Build.0 = Release|Any CPU
	EndGlobalSection
	GlobalSection(SolutionProperties) = preSolution
		HideSolutionNode = FALSE
	EndGlobalSection
	GlobalSection(ExtensibilityGlobals) = postSolution
		SolutionGuid = {79CB9232-2405-4EFE-9DF9-052E9F194B87}
	EndGlobalSection
EndGlobal
